
Microsoft Visual Studio Solution File, Format Version 12.00
# Visual Studio Version 17
VisualStudioVersion = 17.5.002.0
MinimumVisualStudioVersion = 10.0.40219.1
Project("{9A19103F-16F7-4668-BE54-9A1E7A4F7556}") = "CodeCollab - WorkspaceService", "CodeCollab - WorkspaceService.csproj", "{63E378C2-5C78-42E6-8C11-140BF46930C2}"
EndProject
Global
	GlobalSection(SolutionConfigurationPlatforms) = preSolution
		Debug|Any CPU = Debug|Any CPU
		Release|Any CPU = Release|Any CPU
	EndGlobalSection
	GlobalSection(ProjectConfigurationPlatforms) = postSolution
		{63E378C2-5C78-42E6-8C11-140BF46930C2}.Debug|Any CPU.ActiveCfg = Debug|Any CPU
		{63E378C2-5C78-42E6-8C11-140BF46930C2}.Debug|Any CPU.Build.0 = Debug|Any CPU
		{63E378C2-5C78-42E6-8C11-140BF46930C2}.Release|Any CPU.ActiveCfg = Release|Any CPU
		{63E378C2-5C78-42E6-8C11-140BF46930C2}.Release|Any CPU.Build.0 = Release|Any CPU
	EndGlobalSection
	GlobalSection(SolutionProperties) = preSolution
		HideSolutionNode = FALSE
	EndGlobalSection
	GlobalSection(ExtensibilityGlobals) = postSolution
		SolutionGuid = {FD26859C-A285-4397-B38A-4D883E5DD09D}
	EndGlobalSection
EndGlobal
